
Microsoft Visual Studio Solution File, Format Version 12.00
# Visual Studio Version 16
VisualStudioVersion = 16.0.31321.278
MinimumVisualStudioVersion = 10.0.40219.1
Project("{8BC9CEB8-8B4A-11D0-8D11-00A0C91BC942}") = "8－5", "8－5.vcxproj", "{E749CAE1-B0C3-4A86-8A7D-39E0923E0ED4}"
EndProject
Global
	GlobalSection(SolutionConfigurationPlatforms) = preSolution
		Debug|x64 = Debug|x64
		Debug|x86 = Debug|x86
		Release|x64 = Release|x64
		Release|x86 = Release|x86
	EndGlobalSection
	GlobalSection(ProjectConfigurationPlatforms) = postSolution
		{E749CAE1-B0C3-4A86-8A7D-39E0923E0ED4}.Debug|x64.ActiveCfg = Debug|x64
		{E749CAE1-B0C3-4A86-8A7D-39E0923E0ED4}.Debug|x64.Build.0 = Debug|x64
		{E749CAE1-B0C3-4A86-8A7D-39E0923E0ED4}.Debug|x86.ActiveCfg = Debug|Win32
		{E749CAE1-B0C3-4A86-8A7D-39E0923E0ED4}.Debug|x86.Build.0 = Debug|Win32
		{E749CAE1-B0C3-4A86-8A7D-39E0923E0ED4}.Release|x64.ActiveCfg = Release|x64
		{E749CAE1-B0C3-4A86-8A7D-39E0923E0ED4}.Release|x64.Build.0 = Release|x64
		{E749CAE1-B0C3-4A86-8A7D-39E0923E0ED4}.Release|x86.ActiveCfg = Release|Win32
		{E749CAE1-B0C3-4A86-8A7D-39E0923E0ED4}.Release|x86.Build.0 = Release|Win32
	EndGlobalSection
	GlobalSection(SolutionProperties) = preSolution
		HideSolutionNode = FALSE
	EndGlobalSection
	GlobalSection(ExtensibilityGlobals) = postSolution
		SolutionGuid = {05E650A1-65CA-4F89-81A2-ACF65DDE9804}
	EndGlobalSection
EndGlobal
